// !$*UTF8*$!
{
	archiveVersion = 1;
	classes = {
	};
	objectVersion = 51;
	objects = {

/* Begin PBXBuildFile section */
		A750660C264296F70010A366 /* AppDelegate.swift in Sources */ = {isa = PBXBuildFile; fileRef = A750660B264296F70010A366 /* AppDelegate.swift */; };
		A750660E264296F70010A366 /* SceneDelegate.swift in Sources */ = {isa = PBXBuildFile; fileRef = A750660D264296F70010A366 /* SceneDelegate.swift */; };
		A7506610264296F70010A366 /* ViewController.swift in Sources */ = {isa = PBXBuildFile; fileRef = A750660F264296F70010A366 /* ViewController.swift */; };
		A7506613264296F70010A366 /* Main.storyboard in Resources */ = {isa = PBXBuildFile; fileRef = A7506611264296F70010A366 /* Main.storyboard */; };
		A7506615264297010010A366 /* Assets.xcassets in Resources */ = {isa = PBXBuildFile; fileRef = A7506614264297010010A366 /* Assets.xcassets */; };
		A7506618264297010010A366 /* LaunchScreen.storyboard in Resources */ = {isa = PBXBuildFile; fileRef = A7506616264297010010A366 /* LaunchScreen.storyboard */; };
		A7539007265A480600951E6F /* TaskCell.swift in Sources */ = {isa = PBXBuildFile; fileRef = A7539005265A480600951E6F /* TaskCell.swift */; };
		A7539008265A480600951E6F /* TaskCell.xib in Resources */ = {isa = PBXBuildFile; fileRef = A7539006265A480600951E6F /* TaskCell.xib */; };
		A753900A2663889000951E6F /* TaskModel.swift in Sources */ = {isa = PBXBuildFile; fileRef = A75390092663889000951E6F /* TaskModel.swift */; };
		A753900C2667C2E400951E6F /* TaskInputViewController.swift in Sources */ = {isa = PBXBuildFile; fileRef = A753900B2667C2E400951E6F /* TaskInputViewController.swift */; };
		A76A885E2678EB6200F611C1 /* Calendar.swift in Sources */ = {isa = PBXBuildFile; fileRef = A76A885D2678EB6200F611C1 /* Calendar.swift */; };
		A76A8860267F823700F611C1 /* CheckBox.swift in Sources */ = {isa = PBXBuildFile; fileRef = A76A885F267F823700F611C1 /* CheckBox.swift */; };
		A76A88652682C29300F611C1 /* Formatter.swift in Sources */ = {isa = PBXBuildFile; fileRef = A76A88642682C29300F611C1 /* Formatter.swift */; };
		A798FD7C26CD2A6D00380EEB /* NotificationNameExtensions.swift in Sources */ = {isa = PBXBuildFile; fileRef = A798FD7B26CD2A6D00380EEB /* NotificationNameExtensions.swift */; };
		A798FD8226CD2DF600380EEB /* TaskScheduleTableDataSource.swift in Sources */ = {isa = PBXBuildFile; fileRef = A798FD8126CD2DF600380EEB /* TaskScheduleTableDataSource.swift */; };
		A798FD8426CD3FBE00380EEB /* CurrentTaskScheduleModel.swift in Sources */ = {isa = PBXBuildFile; fileRef = A798FD8326CD3FBE00380EEB /* CurrentTaskScheduleModel.swift */; };
		A7EE4B8326DEF7AF00D23728 /* DoneTaskScheduleModel.swift in Sources */ = {isa = PBXBuildFile; fileRef = A7EE4B8226DEF7AF00D23728 /* DoneTaskScheduleModel.swift */; };
		A7EE4B8626DEFB7200D23728 /* DoneScheduleTableDataSource.swift in Sources */ = {isa = PBXBuildFile; fileRef = A7EE4B8526DEFB7200D23728 /* DoneScheduleTableDataSource.swift */; };
		A7EE4B8826DEFCAB00D23728 /* DoneViewController.swift in Sources */ = {isa = PBXBuildFile; fileRef = A7EE4B8726DEFCAB00D23728 /* DoneViewController.swift */; };
		E9CCCD38C1F302813E26DF8E /* Pods_NiccaScheduler.framework in Frameworks */ = {isa = PBXBuildFile; fileRef = DAFA051D4D017598EA5A3EDC /* Pods_NiccaScheduler.framework */; };
/* End PBXBuildFile section */

/* Begin PBXFileReference section */
		0B045689A64864D378AED5C8 /* Pods-NiccaScheduler.debug.xcconfig */ = {isa = PBXFileReference; includeInIndex = 1; lastKnownFileType = text.xcconfig; name = "Pods-NiccaScheduler.debug.xcconfig"; path = "Target Support Files/Pods-NiccaScheduler/Pods-NiccaScheduler.debug.xcconfig"; sourceTree = "<group>"; };
		16CBD59BA2976DFB42A30887 /* Pods-NiccaScheduler.release.xcconfig */ = {isa = PBXFileReference; includeInIndex = 1; lastKnownFileType = text.xcconfig; name = "Pods-NiccaScheduler.release.xcconfig"; path = "Target Support Files/Pods-NiccaScheduler/Pods-NiccaScheduler.release.xcconfig"; sourceTree = "<group>"; };
		A7506608264296F70010A366 /* NiccaScheduler.app */ = {isa = PBXFileReference; explicitFileType = wrapper.application; includeInIndex = 0; path = NiccaScheduler.app; sourceTree = BUILT_PRODUCTS_DIR; };
		A750660B264296F70010A366 /* AppDelegate.swift */ = {isa = PBXFileReference; lastKnownFileType = sourcecode.swift; path = AppDelegate.swift; sourceTree = "<group>"; };
		A750660D264296F70010A366 /* SceneDelegate.swift */ = {isa = PBXFileReference; lastKnownFileType = sourcecode.swift; path = SceneDelegate.swift; sourceTree = "<group>"; };
		A750660F264296F70010A366 /* ViewController.swift */ = {isa = PBXFileReference; lastKnownFileType = sourcecode.swift; path = ViewController.swift; sourceTree = "<group>"; };
		A7506612264296F70010A366 /* Base */ = {isa = PBXFileReference; lastKnownFileType = file.storyboard; name = Base; path = Base.lproj/Main.storyboard; sourceTree = "<group>"; };
		A7506614264297010010A366 /* Assets.xcassets */ = {isa = PBXFileReference; lastKnownFileType = folder.assetcatalog; path = Assets.xcassets; sourceTree = "<group>"; };
		A7506617264297010010A366 /* Base */ = {isa = PBXFileReference; lastKnownFileType = file.storyboard; name = Base; path = Base.lproj/LaunchScreen.storyboard; sourceTree = "<group>"; };
		A7506619264297010010A366 /* Info.plist */ = {isa = PBXFileReference; lastKnownFileType = text.plist.xml; path = Info.plist; sourceTree = "<group>"; };
		A7539005265A480600951E6F /* TaskCell.swift */ = {isa = PBXFileReference; lastKnownFileType = sourcecode.swift; path = TaskCell.swift; sourceTree = "<group>"; };
		A7539006265A480600951E6F /* TaskCell.xib */ = {isa = PBXFileReference; lastKnownFileType = file.xib; path = TaskCell.xib; sourceTree = "<group>"; };
		A75390092663889000951E6F /* TaskModel.swift */ = {isa = PBXFileReference; lastKnownFileType = sourcecode.swift; path = TaskModel.swift; sourceTree = "<group>"; };
		A753900B2667C2E400951E6F /* TaskInputViewController.swift */ = {isa = PBXFileReference; lastKnownFileType = sourcecode.swift; path = TaskInputViewController.swift; sourceTree = "<group>"; };
		A76A885D2678EB6200F611C1 /* Calendar.swift */ = {isa = PBXFileReference; lastKnownFileType = sourcecode.swift; path = Calendar.swift; sourceTree = "<group>"; };
		A76A885F267F823700F611C1 /* CheckBox.swift */ = {isa = PBXFileReference; lastKnownFileType = sourcecode.swift; path = CheckBox.swift; sourceTree = "<group>"; };
		A76A88642682C29300F611C1 /* Formatter.swift */ = {isa = PBXFileReference; lastKnownFileType = sourcecode.swift; path = Formatter.swift; sourceTree = "<group>"; };
		A798FD7B26CD2A6D00380EEB /* NotificationNameExtensions.swift */ = {isa = PBXFileReference; lastKnownFileType = sourcecode.swift; path = NotificationNameExtensions.swift; sourceTree = "<group>"; };
		A798FD8126CD2DF600380EEB /* TaskScheduleTableDataSource.swift */ = {isa = PBXFileReference; lastKnownFileType = sourcecode.swift; path = TaskScheduleTableDataSource.swift; sourceTree = "<group>"; };
		A798FD8326CD3FBE00380EEB /* CurrentTaskScheduleModel.swift */ = {isa = PBXFileReference; lastKnownFileType = sourcecode.swift; path = CurrentTaskScheduleModel.swift; sourceTree = "<group>"; };
		A7EE4B8226DEF7AF00D23728 /* DoneTaskScheduleModel.swift */ = {isa = PBXFileReference; lastKnownFileType = sourcecode.swift; path = DoneTaskScheduleModel.swift; sourceTree = "<group>"; };
		A7EE4B8526DEFB7200D23728 /* DoneScheduleTableDataSource.swift */ = {isa = PBXFileReference; lastKnownFileType = sourcecode.swift; path = DoneScheduleTableDataSource.swift; sourceTree = "<group>"; };
		A7EE4B8726DEFCAB00D23728 /* DoneViewController.swift */ = {isa = PBXFileReference; lastKnownFileType = sourcecode.swift; name = DoneViewController.swift; path = NiccaScheduler/controller/DoneViewController.swift; sourceTree = SOURCE_ROOT; };
		DAFA051D4D017598EA5A3EDC /* Pods_NiccaScheduler.framework */ = {isa = PBXFileReference; explicitFileType = wrapper.framework; includeInIndex = 0; path = Pods_NiccaScheduler.framework; sourceTree = BUILT_PRODUCTS_DIR; };
/* End PBXFileReference section */

/* Begin PBXFrameworksBuildPhase section */
		A7506605264296F70010A366 /* Frameworks */ = {
			isa = PBXFrameworksBuildPhase;
			buildActionMask = 2147483647;
			files = (
				E9CCCD38C1F302813E26DF8E /* Pods_NiccaScheduler.framework in Frameworks */,
			);
			runOnlyForDeploymentPostprocessing = 0;
		};
/* End PBXFrameworksBuildPhase section */

/* Begin PBXGroup section */
		5B69A07063F483F09126D554 /* Pods */ = {
			isa = PBXGroup;
			children = (
				0B045689A64864D378AED5C8 /* Pods-NiccaScheduler.debug.xcconfig */,
				16CBD59BA2976DFB42A30887 /* Pods-NiccaScheduler.release.xcconfig */,
			);
			path = Pods;
			sourceTree = "<group>";
		};
		9362719377865425A48B6ABC /* Frameworks */ = {
			isa = PBXGroup;
			children = (
				DAFA051D4D017598EA5A3EDC /* Pods_NiccaScheduler.framework */,
			);
			name = Frameworks;
			sourceTree = "<group>";
		};
		A75065FF264296F70010A366 = {
			isa = PBXGroup;
			children = (
				A750660A264296F70010A366 /* NiccaScheduler */,
				A7506609264296F70010A366 /* Products */,
				5B69A07063F483F09126D554 /* Pods */,
				9362719377865425A48B6ABC /* Frameworks */,
			);
			sourceTree = "<group>";
		};
		A7506609264296F70010A366 /* Products */ = {
			isa = PBXGroup;
			children = (
				A7506608264296F70010A366 /* NiccaScheduler.app */,
			);
			name = Products;
			sourceTree = "<group>";
		};
		A750660A264296F70010A366 /* NiccaScheduler */ = {
			isa = PBXGroup;
			children = (
				A798FD7D26CD2AD600380EEB /* CustomClass */,
				A798FD7A26CD2A2100380EEB /* Extension */,
				A76A88682682C3D000F611C1 /* Controller */,
				A76A88672682C38100F611C1 /* Model */,
				A76A88662682C36900F611C1 /* Module */,
				A76A88632682C27400F611C1 /* Utils */,
				A750660B264296F70010A366 /* AppDelegate.swift */,
				A750660D264296F70010A366 /* SceneDelegate.swift */,
				A7506611264296F70010A366 /* Main.storyboard */,
				A7506614264297010010A366 /* Assets.xcassets */,
				A7506616264297010010A366 /* LaunchScreen.storyboard */,
				A7506619264297010010A366 /* Info.plist */,
			);
			path = NiccaScheduler;
			sourceTree = "<group>";
		};
		A76A88632682C27400F611C1 /* Utils */ = {
			isa = PBXGroup;
			children = (
				A76A88642682C29300F611C1 /* Formatter.swift */,
			);
			path = Utils;
			sourceTree = "<group>";
		};
		A76A88662682C36900F611C1 /* Module */ = {
			isa = PBXGroup;
			children = (
				A7EE4B8426DEFADC00D23728 /* DoneScheduleTable */,
				A798FD7E26CD2B4C00380EEB /* TaskScheduleTable */,
				A798FD7926CD29F600380EEB /* TaskCell */,
			);
			path = Module;
			sourceTree = "<group>";
		};
		A76A88672682C38100F611C1 /* Model */ = {
			isa = PBXGroup;
			children = (
				A798FD8326CD3FBE00380EEB /* CurrentTaskScheduleModel.swift */,
				A7EE4B8226DEF7AF00D23728 /* DoneTaskScheduleModel.swift */,
				A75390092663889000951E6F /* TaskModel.swift */,
			);
			path = Model;
			sourceTree = "<group>";
		};
		A76A88682682C3D000F611C1 /* Controller */ = {
			isa = PBXGroup;
			children = (
				A753900B2667C2E400951E6F /* TaskInputViewController.swift */,
				A750660F264296F70010A366 /* ViewController.swift */,
				A7EE4B8726DEFCAB00D23728 /* DoneViewController.swift */,
			);
			path = Controller;
			sourceTree = "<group>";
		};
		A798FD7926CD29F600380EEB /* TaskCell */ = {
			isa = PBXGroup;
			children = (
				A7539005265A480600951E6F /* TaskCell.swift */,
				A7539006265A480600951E6F /* TaskCell.xib */,
			);
			path = TaskCell;
			sourceTree = "<group>";
		};
		A798FD7A26CD2A2100380EEB /* Extension */ = {
			isa = PBXGroup;
			children = (
				A76A885D2678EB6200F611C1 /* Calendar.swift */,
				A798FD7B26CD2A6D00380EEB /* NotificationNameExtensions.swift */,
			);
			path = Extension;
			sourceTree = "<group>";
		};
		A798FD7D26CD2AD600380EEB /* CustomClass */ = {
			isa = PBXGroup;
			children = (
				A76A885F267F823700F611C1 /* CheckBox.swift */,
			);
			path = CustomClass;
			sourceTree = "<group>";
		};
		A798FD7E26CD2B4C00380EEB /* TaskScheduleTable */ = {
			isa = PBXGroup;
			children = (
				A798FD8126CD2DF600380EEB /* TaskScheduleTableDataSource.swift */,
			);
			path = TaskScheduleTable;
			sourceTree = "<group>";
		};
		A7EE4B8426DEFADC00D23728 /* DoneScheduleTable */ = {
			isa = PBXGroup;
			children = (
				A7EE4B8526DEFB7200D23728 /* DoneScheduleTableDataSource.swift */,
			);
			path = DoneScheduleTable;
			sourceTree = "<group>";
		};
/* End PBXGroup section */

/* Begin PBXNativeTarget section */
		A7506607264296F70010A366 /* NiccaScheduler */ = {
			isa = PBXNativeTarget;
			buildConfigurationList = A750661C264297010010A366 /* Build configuration list for PBXNativeTarget "NiccaScheduler" */;
			buildPhases = (
				F4DB0CA668AE3468314C88A1 /* [CP] Check Pods Manifest.lock */,
				A7506604264296F70010A366 /* Sources */,
				A7506605264296F70010A366 /* Frameworks */,
				A7506606264296F70010A366 /* Resources */,
				92E45E4C83DD612571750415 /* [CP] Embed Pods Frameworks */,
			);
			buildRules = (
			);
			dependencies = (
			);
			name = NiccaScheduler;
			productName = NiccaScheduler;
			productReference = A7506608264296F70010A366 /* NiccaScheduler.app */;
			productType = "com.apple.product-type.application";
		};
/* End PBXNativeTarget section */

/* Begin PBXProject section */
		A7506600264296F70010A366 /* Project object */ = {
			isa = PBXProject;
			attributes = {
				LastSwiftUpdateCheck = 1250;
				LastUpgradeCheck = 1250;
				TargetAttributes = {
					A7506607264296F70010A366 = {
						CreatedOnToolsVersion = 12.5;
					};
				};
			};
			buildConfigurationList = A7506603264296F70010A366 /* Build configuration list for PBXProject "NiccaScheduler" */;
			compatibilityVersion = "Xcode 9.3";
			developmentRegion = en;
			hasScannedForEncodings = 0;
			knownRegions = (
				en,
				Base,
			);
			mainGroup = A75065FF264296F70010A366;
			productRefGroup = A7506609264296F70010A366 /* Products */;
			projectDirPath = "";
			projectRoot = "";
			targets = (
				A7506607264296F70010A366 /* NiccaScheduler */,
			);
		};
/* End PBXProject section */

/* Begin PBXResourcesBuildPhase section */
		A7506606264296F70010A366 /* Resources */ = {
			isa = PBXResourcesBuildPhase;
			buildActionMask = 2147483647;
			files = (
				A7539008265A480600951E6F /* TaskCell.xib in Resources */,
				A7506618264297010010A366 /* LaunchScreen.storyboard in Resources */,
				A7506615264297010010A366 /* Assets.xcassets in Resources */,
				A7506613264296F70010A366 /* Main.storyboard in Resources */,
			);
			runOnlyForDeploymentPostprocessing = 0;
		};
/* End PBXResourcesBuildPhase section */

/* Begin PBXShellScriptBuildPhase section */
		92E45E4C83DD612571750415 /* [CP] Embed Pods Frameworks */ = {
			isa = PBXShellScriptBuildPhase;
			buildActionMask = 2147483647;
			files = (
			);
			inputFileListPaths = (
				"${PODS_ROOT}/Target Support Files/Pods-NiccaScheduler/Pods-NiccaScheduler-frameworks-${CONFIGURATION}-input-files.xcfilelist",
			);
			name = "[CP] Embed Pods Frameworks";
			outputFileListPaths = (
				"${PODS_ROOT}/Target Support Files/Pods-NiccaScheduler/Pods-NiccaScheduler-frameworks-${CONFIGURATION}-output-files.xcfilelist",
			);
			runOnlyForDeploymentPostprocessing = 0;
			shellPath = /bin/sh;
			shellScript = "\"${PODS_ROOT}/Target Support Files/Pods-NiccaScheduler/Pods-NiccaScheduler-frameworks.sh\"\n";
			showEnvVarsInLog = 0;
		};
		F4DB0CA668AE3468314C88A1 /* [CP] Check Pods Manifest.lock */ = {
			isa = PBXShellScriptBuildPhase;
			buildActionMask = 2147483647;
			files = (
			);
			inputFileListPaths = (
			);
			inputPaths = (
				"${PODS_PODFILE_DIR_PATH}/Podfile.lock",
				"${PODS_ROOT}/Manifest.lock",
			);
			name = "[CP] Check Pods Manifest.lock";
			outputFileListPaths = (
			);
			outputPaths = (
				"$(DERIVED_FILE_DIR)/Pods-NiccaScheduler-checkManifestLockResult.txt",
			);
			runOnlyForDeploymentPostprocessing = 0;
			shellPath = /bin/sh;
			shellScript = "diff \"${PODS_PODFILE_DIR_PATH}/Podfile.lock\" \"${PODS_ROOT}/Manifest.lock\" > /dev/null\nif [ $? != 0 ] ; then\n    # print error to STDERR\n    echo \"error: The sandbox is not in sync with the Podfile.lock. Run 'pod install' or update your CocoaPods installation.\" >&2\n    exit 1\nfi\n# This output is used by Xcode 'outputs' to avoid re-running this script phase.\necho \"SUCCESS\" > \"${SCRIPT_OUTPUT_FILE_0}\"\n";
			showEnvVarsInLog = 0;
		};
/* End PBXShellScriptBuildPhase section */

/* Begin PBXSourcesBuildPhase section */
		A7506604264296F70010A366 /* Sources */ = {
			isa = PBXSourcesBuildPhase;
			buildActionMask = 2147483647;
			files = (
				A76A8860267F823700F611C1 /* CheckBox.swift in Sources */,
				A7EE4B8826DEFCAB00D23728 /* DoneViewController.swift in Sources */,
				A753900C2667C2E400951E6F /* TaskInputViewController.swift in Sources */,
				A7539007265A480600951E6F /* TaskCell.swift in Sources */,
				A7EE4B8326DEF7AF00D23728 /* DoneTaskScheduleModel.swift in Sources */,
				A7EE4B8626DEFB7200D23728 /* DoneScheduleTableDataSource.swift in Sources */,
				A798FD8426CD3FBE00380EEB /* CurrentTaskScheduleModel.swift in Sources */,
				A7506610264296F70010A366 /* ViewController.swift in Sources */,
				A798FD7C26CD2A6D00380EEB /* NotificationNameExtensions.swift in Sources */,
				A798FD8226CD2DF600380EEB /* TaskScheduleTableDataSource.swift in Sources */,
				A76A885E2678EB6200F611C1 /* Calendar.swift in Sources */,
				A753900A2663889000951E6F /* TaskModel.swift in Sources */,
				A76A88652682C29300F611C1 /* Formatter.swift in Sources */,
				A750660C264296F70010A366 /* AppDelegate.swift in Sources */,
				A750660E264296F70010A366 /* SceneDelegate.swift in Sources */,
			);
			runOnlyForDeploymentPostprocessing = 0;
		};
/* End PBXSourcesBuildPhase section */

/* Begin PBXVariantGroup section */
		A7506611264296F70010A366 /* Main.storyboard */ = {
			isa = PBXVariantGroup;
			children = (
				A7506612264296F70010A366 /* Base */,
			);
			name = Main.storyboard;
			sourceTree = "<group>";
		};
		A7506616264297010010A366 /* LaunchScreen.storyboard */ = {
			isa = PBXVariantGroup;
			children = (
				A7506617264297010010A366 /* Base */,
			);
			name = LaunchScreen.storyboard;
			sourceTree = "<group>";
		};
/* End PBXVariantGroup section */

/* Begin XCBuildConfiguration section */
		A750661A264297010010A366 /* Debug */ = {
			isa = XCBuildConfiguration;
			buildSettings = {
				ALWAYS_SEARCH_USER_PATHS = NO;
				CLANG_ANALYZER_NONNULL = YES;
				CLANG_ANALYZER_NUMBER_OBJECT_CONVERSION = YES_AGGRESSIVE;
				CLANG_CXX_LANGUAGE_STANDARD = "gnu++14";
				CLANG_CXX_LIBRARY = "libc++";
				CLANG_ENABLE_MODULES = YES;
				CLANG_ENABLE_OBJC_ARC = YES;
				CLANG_ENABLE_OBJC_WEAK = YES;
				CLANG_WARN_BLOCK_CAPTURE_AUTORELEASING = YES;
				CLANG_WARN_BOOL_CONVERSION = YES;
				CLANG_WARN_COMMA = YES;
				CLANG_WARN_CONSTANT_CONVERSION = YES;
				CLANG_WARN_DEPRECATED_OBJC_IMPLEMENTATIONS = YES;
				CLANG_WARN_DIRECT_OBJC_ISA_USAGE = YES_ERROR;
				CLANG_WARN_DOCUMENTATION_COMMENTS = YES;
				CLANG_WARN_EMPTY_BODY = YES;
				CLANG_WARN_ENUM_CONVERSION = YES;
				CLANG_WARN_INFINITE_RECURSION = YES;
				CLANG_WARN_INT_CONVERSION = YES;
				CLANG_WARN_NON_LITERAL_NULL_CONVERSION = YES;
				CLANG_WARN_OBJC_IMPLICIT_RETAIN_SELF = YES;
				CLANG_WARN_OBJC_LITERAL_CONVERSION = YES;
				CLANG_WARN_OBJC_ROOT_CLASS = YES_ERROR;
				CLANG_WARN_QUOTED_INCLUDE_IN_FRAMEWORK_HEADER = YES;
				CLANG_WARN_RANGE_LOOP_ANALYSIS = YES;
				CLANG_WARN_STRICT_PROTOTYPES = YES;
				CLANG_WARN_SUSPICIOUS_MOVE = YES;
				CLANG_WARN_UNGUARDED_AVAILABILITY = YES_AGGRESSIVE;
				CLANG_WARN_UNREACHABLE_CODE = YES;
				CLANG_WARN__DUPLICATE_METHOD_MATCH = YES;
				COPY_PHASE_STRIP = NO;
				DEBUG_INFORMATION_FORMAT = dwarf;
				ENABLE_STRICT_OBJC_MSGSEND = YES;
				ENABLE_TESTABILITY = YES;
				GCC_C_LANGUAGE_STANDARD = gnu11;
				GCC_DYNAMIC_NO_PIC = NO;
				GCC_NO_COMMON_BLOCKS = YES;
				GCC_OPTIMIZATION_LEVEL = 0;
				GCC_PREPROCESSOR_DEFINITIONS = (
					"DEBUG=1",
					"$(inherited)",
				);
				GCC_WARN_64_TO_32_BIT_CONVERSION = YES;
				GCC_WARN_ABOUT_RETURN_TYPE = YES_ERROR;
				GCC_WARN_UNDECLARED_SELECTOR = YES;
				GCC_WARN_UNINITIALIZED_AUTOS = YES_AGGRESSIVE;
				GCC_WARN_UNUSED_FUNCTION = YES;
				GCC_WARN_UNUSED_VARIABLE = YES;
				IPHONEOS_DEPLOYMENT_TARGET = 14.5;
				MTL_ENABLE_DEBUG_INFO = INCLUDE_SOURCE;
				MTL_FAST_MATH = YES;
				ONLY_ACTIVE_ARCH = YES;
				SDKROOT = iphoneos;
				SWIFT_ACTIVE_COMPILATION_CONDITIONS = DEBUG;
				SWIFT_OPTIMIZATION_LEVEL = "-Onone";
			};
			name = Debug;
		};
		A750661B264297010010A366 /* Release */ = {
			isa = XCBuildConfiguration;
			buildSettings = {
				ALWAYS_SEARCH_USER_PATHS = NO;
				CLANG_ANALYZER_NONNULL = YES;
				CLANG_ANALYZER_NUMBER_OBJECT_CONVERSION = YES_AGGRESSIVE;
				CLANG_CXX_LANGUAGE_STANDARD = "gnu++14";
				CLANG_CXX_LIBRARY = "libc++";
				CLANG_ENABLE_MODULES = YES;
				CLANG_ENABLE_OBJC_ARC = YES;
				CLANG_ENABLE_OBJC_WEAK = YES;
				CLANG_WARN_BLOCK_CAPTURE_AUTORELEASING = YES;
				CLANG_WARN_BOOL_CONVERSION = YES;
				CLANG_WARN_COMMA = YES;
				CLANG_WARN_CONSTANT_CONVERSION = YES;
				CLANG_WARN_DEPRECATED_OBJC_IMPLEMENTATIONS = YES;
				CLANG_WARN_DIRECT_OBJC_ISA_USAGE = YES_ERROR;
				CLANG_WARN_DOCUMENTATION_COMMENTS = YES;
				CLANG_WARN_EMPTY_BODY = YES;
				CLANG_WARN_ENUM_CONVERSION = YES;
				CLANG_WARN_INFINITE_RECURSION = YES;
				CLANG_WARN_INT_CONVERSION = YES;
				CLANG_WARN_NON_LITERAL_NULL_CONVERSION = YES;
				CLANG_WARN_OBJC_IMPLICIT_RETAIN_SELF = YES;
				CLANG_WARN_OBJC_LITERAL_CONVERSION = YES;
				CLANG_WARN_OBJC_ROOT_CLASS = YES_ERROR;
				CLANG_WARN_QUOTED_INCLUDE_IN_FRAMEWORK_HEADER = YES;
				CLANG_WARN_RANGE_LOOP_ANALYSIS = YES;
				CLANG_WARN_STRICT_PROTOTYPES = YES;
				CLANG_WARN_SUSPICIOUS_MOVE = YES;
				CLANG_WARN_UNGUARDED_AVAILABILITY = YES_AGGRESSIVE;
				CLANG_WARN_UNREACHABLE_CODE = YES;
				CLANG_WARN__DUPLICATE_METHOD_MATCH = YES;
				COPY_PHASE_STRIP = NO;
				DEBUG_INFORMATION_FORMAT = "dwarf-with-dsym";
				ENABLE_NS_ASSERTIONS = NO;
				ENABLE_STRICT_OBJC_MSGSEND = YES;
				GCC_C_LANGUAGE_STANDARD = gnu11;
				GCC_NO_COMMON_BLOCKS = YES;
				GCC_WARN_64_TO_32_BIT_CONVERSION = YES;
				GCC_WARN_ABOUT_RETURN_TYPE = YES_ERROR;
				GCC_WARN_UNDECLARED_SELECTOR = YES;
				GCC_WARN_UNINITIALIZED_AUTOS = YES_AGGRESSIVE;
				GCC_WARN_UNUSED_FUNCTION = YES;
				GCC_WARN_UNUSED_VARIABLE = YES;
				IPHONEOS_DEPLOYMENT_TARGET = 14.5;
				MTL_ENABLE_DEBUG_INFO = NO;
				MTL_FAST_MATH = YES;
				SDKROOT = iphoneos;
				SWIFT_COMPILATION_MODE = wholemodule;
				SWIFT_OPTIMIZATION_LEVEL = "-O";
				VALIDATE_PRODUCT = YES;
			};
			name = Release;
		};
		A750661D264297010010A366 /* Debug */ = {
			isa = XCBuildConfiguration;
			baseConfigurationReference = 0B045689A64864D378AED5C8 /* Pods-NiccaScheduler.debug.xcconfig */;
			buildSettings = {
				ASSETCATALOG_COMPILER_APPICON_NAME = AppIcon;
				ASSETCATALOG_COMPILER_GLOBAL_ACCENT_COLOR_NAME = AccentColor;
				CODE_SIGN_STYLE = Automatic;
				INFOPLIST_FILE = NiccaScheduler/Info.plist;
				IPHONEOS_DEPLOYMENT_TARGET = 14.1;
				LD_RUNPATH_SEARCH_PATHS = (
					"$(inherited)",
					"@executable_path/Frameworks",
				);
				PRODUCT_BUNDLE_IDENTIFIER = pocchi.NiccaScheduler;
				PRODUCT_NAME = "$(TARGET_NAME)";
				SWIFT_VERSION = 5.0;
				TARGETED_DEVICE_FAMILY = "1,2";
			};
			name = Debug;
		};
		A750661E264297010010A366 /* Release */ = {
			isa = XCBuildConfiguration;
			baseConfigurationReference = 16CBD59BA2976DFB42A30887 /* Pods-NiccaScheduler.release.xcconfig */;
			buildSettings = {
				ASSETCATALOG_COMPILER_APPICON_NAME = AppIcon;
				ASSETCATALOG_COMPILER_GLOBAL_ACCENT_COLOR_NAME = AccentColor;
				CODE_SIGN_STYLE = Automatic;
				INFOPLIST_FILE = NiccaScheduler/Info.plist;
				IPHONEOS_DEPLOYMENT_TARGET = 14.1;
				LD_RUNPATH_SEARCH_PATHS = (
					"$(inherited)",
					"@executable_path/Frameworks",
				);
				PRODUCT_BUNDLE_IDENTIFIER = pocchi.NiccaScheduler;
				PRODUCT_NAME = "$(TARGET_NAME)";
				SWIFT_VERSION = 5.0;
				TARGETED_DEVICE_FAMILY = "1,2";
			};
			name = Release;
		};
/* End XCBuildConfiguration section */

/* Begin XCConfigurationList section */
		A7506603264296F70010A366 /* Build configuration list for PBXProject "NiccaScheduler" */ = {
			isa = XCConfigurationList;
			buildConfigurations = (
				A750661A264297010010A366 /* Debug */,
				A750661B264297010010A366 /* Release */,
			);
			defaultConfigurationIsVisible = 0;
			defaultConfigurationName = Release;
		};
		A750661C264297010010A366 /* Build configuration list for PBXNativeTarget "NiccaScheduler" */ = {
			isa = XCConfigurationList;
			buildConfigurations = (
				A750661D264297010010A366 /* Debug */,
				A750661E264297010010A366 /* Release */,
			);
			defaultConfigurationIsVisible = 0;
			defaultConfigurationName = Release;
		};
/* End XCConfigurationList section */
	};
	rootObject = A7506600264296F70010A366 /* Project object */;
}
